
Microsoft Visual Studio Solution File, Format Version 12.00
# Visual Studio Version 16
VisualStudioVersion = 16.0.31019.35
MinimumVisualStudioVersion = 10.0.40219.1
Project("{FAE04EC0-301F-11D3-BF4B-00C04F79EFBC}") = "Project", "Project.csproj", "{078B6C8C-3F39-4A1B-B7EB-16136621B9C0}"
EndProject
Global
	GlobalSection(SolutionConfigurationPlatforms) = preSolution
		Debug|Any CPU = Debug|Any CPU
		Release|Any CPU = Release|Any CPU
	EndGlobalSection
	GlobalSection(ProjectConfigurationPlatforms) = postSolution
		{078B6C8C-3F39-4A1B-B7EB-16136621B9C0}.Debug|Any CPU.ActiveCfg = Debug|Any CPU
		{078B6C8C-3F39-4A1B-B7EB-16136621B9C0}.Debug|Any CPU.Build.0 = Debug|Any CPU
		{078B6C8C-3F39-4A1B-B7EB-16136621B9C0}.Release|Any CPU.ActiveCfg = Release|Any CPU
		{078B6C8C-3F39-4A1B-B7EB-16136621B9C0}.Release|Any CPU.Build.0 = Release|Any CPU
	EndGlobalSection
	GlobalSection(SolutionProperties) = preSolution
		HideSolutionNode = FALSE
	EndGlobalSection
	GlobalSection(ExtensibilityGlobals) = postSolution
		SolutionGuid = {1188BBB6-EF9E-4813-AC31-2177D86EF50F}
	EndGlobalSection
EndGlobal
